// !$*UTF8*$!
{
	archiveVersion = 1;
	classes = {
	};
	objectVersion = 50;
	objects = {

/* Begin PBXBuildFile section */
		E203DCE421B135F700717023 /* IndentedTextField.swift in Sources */ = {isa = PBXBuildFile; fileRef = E203DCE321B135F700717023 /* IndentedTextField.swift */; };
		E203DCE821B148E700717023 /* NewRestaurantController.swift in Sources */ = {isa = PBXBuildFile; fileRef = E203DCE721B148E700717023 /* NewRestaurantController.swift */; };
		E223BEF8219D9F2B0021446F /* RestaurantDetailHeaderView.swift in Sources */ = {isa = PBXBuildFile; fileRef = E223BEF7219D9F2B0021446F /* RestaurantDetailHeaderView.swift */; };
		E229DB8621D12D8A00F82039 /* WebViewController.swift in Sources */ = {isa = PBXBuildFile; fileRef = E229DB8521D12D8A00F82039 /* WebViewController.swift */; };
		E24A0746219AE3C100993E60 /* RestaurantDetailViewController.swift in Sources */ = {isa = PBXBuildFile; fileRef = E24A0745219AE3C100993E60 /* RestaurantDetailViewController.swift */; };
		E2517625219C30E600D89C52 /* Restaurant.swift in Sources */ = {isa = PBXBuildFile; fileRef = E2517624219C30E600D89C52 /* Restaurant.swift */; };
		E2517637219D80B000D89C52 /* Rubik-Black.ttf in Resources */ = {isa = PBXBuildFile; fileRef = E2517636219D7FD700D89C52 /* Rubik-Black.ttf */; };
		E2517638219D80B000D89C52 /* Rubik-BlackItalic.ttf in Resources */ = {isa = PBXBuildFile; fileRef = E2517632219D7FD700D89C52 /* Rubik-BlackItalic.ttf */; };
		E2517639219D80B000D89C52 /* Rubik-Bold.ttf in Resources */ = {isa = PBXBuildFile; fileRef = E2517630219D7FD700D89C52 /* Rubik-Bold.ttf */; };
		E251763A219D80B000D89C52 /* Rubik-BoldItalic.ttf in Resources */ = {isa = PBXBuildFile; fileRef = E2517633219D7FD700D89C52 /* Rubik-BoldItalic.ttf */; };
		E251763B219D80B000D89C52 /* Rubik-Italic.ttf in Resources */ = {isa = PBXBuildFile; fileRef = E2517631219D7FD700D89C52 /* Rubik-Italic.ttf */; };
		E251763C219D80B000D89C52 /* Rubik-Light.ttf in Resources */ = {isa = PBXBuildFile; fileRef = E251762F219D7FD700D89C52 /* Rubik-Light.ttf */; };
		E251763D219D80B000D89C52 /* Rubik-LightItalic.ttf in Resources */ = {isa = PBXBuildFile; fileRef = E251762D219D7FD700D89C52 /* Rubik-LightItalic.ttf */; };
		E251763E219D80B000D89C52 /* Rubik-Medium.ttf in Resources */ = {isa = PBXBuildFile; fileRef = E2517635219D7FD700D89C52 /* Rubik-Medium.ttf */; };
		E251763F219D80B000D89C52 /* Rubik-MediumItalic.ttf in Resources */ = {isa = PBXBuildFile; fileRef = E2517634219D7FD700D89C52 /* Rubik-MediumItalic.ttf */; };
		E2517640219D80B000D89C52 /* Rubik-Regular.ttf in Resources */ = {isa = PBXBuildFile; fileRef = E251762E219D7FD700D89C52 /* Rubik-Regular.ttf */; };
		E286DF0121C3F6C800CE37F6 /* Onboarding.storyboard in Resources */ = {isa = PBXBuildFile; fileRef = E286DF0021C3F6C800CE37F6 /* Onboarding.storyboard */; };
		E28B74B521C6CE9F00E100F9 /* WalkthroughContentViewController.swift in Sources */ = {isa = PBXBuildFile; fileRef = E28B74B421C6CE9F00E100F9 /* WalkthroughContentViewController.swift */; };
		E28B74B721C79F3300E100F9 /* WalkthroughPageViewController.swift in Sources */ = {isa = PBXBuildFile; fileRef = E28B74B621C79F3300E100F9 /* WalkthroughPageViewController.swift */; };
		E28B74B921C7A98100E100F9 /* WalkthroughViewController.swift in Sources */ = {isa = PBXBuildFile; fileRef = E28B74B821C7A98100E100F9 /* WalkthroughViewController.swift */; };
		E2A367B421B80ADD001FF904 /* FoodPin.xcdatamodeld in Sources */ = {isa = PBXBuildFile; fileRef = E2A367B221B80ADD001FF904 /* FoodPin.xcdatamodeld */; };
		E2B2A68621A6C113005222C0 /* RestaurantDetailSeparatorCell.swift in Sources */ = {isa = PBXBuildFile; fileRef = E2B2A68521A6C113005222C0 /* RestaurantDetailSeparatorCell.swift */; };
		E2BBDD8221A6F1CA0082FC9F /* RestaurantDetailMapCell.swift in Sources */ = {isa = PBXBuildFile; fileRef = E2BBDD8121A6F1CA0082FC9F /* RestaurantDetailMapCell.swift */; };
		E2BF261B21A44A5900946387 /* UIColorExt.swift in Sources */ = {isa = PBXBuildFile; fileRef = E2BF261A21A44A5900946387 /* UIColorExt.swift */; };
		E2BF261D21A454EE00946387 /* NavigationControllerExt.swift in Sources */ = {isa = PBXBuildFile; fileRef = E2BF261C21A454EE00946387 /* NavigationControllerExt.swift */; };
		E2CEB7FA21A6B53C006B4947 /* MapKit.framework in Frameworks */ = {isa = PBXBuildFile; fileRef = E2CEB7F921A6B53C006B4947 /* MapKit.framework */; };
		E2CF67B121A98903007AF49F /* MapViewController.swift in Sources */ = {isa = PBXBuildFile; fileRef = E2CF67B021A98903007AF49F /* MapViewController.swift */; };
		E2D78A1D21D1160200EA9668 /* AboutTableViewController.swift in Sources */ = {isa = PBXBuildFile; fileRef = E2D78A1C21D1160200EA9668 /* AboutTableViewController.swift */; };
		E2F3322D21D0EB0A007F3F8E /* About.storyboard in Resources */ = {isa = PBXBuildFile; fileRef = E2F3322B21D0EB0A007F3F8E /* About.storyboard */; };
		E2F3322F21D0EBCC007F3F8E /* Discover.storyboard in Resources */ = {isa = PBXBuildFile; fileRef = E2F3322E21D0EBCC007F3F8E /* Discover.storyboard */; };
		E2FBBAC521AC3F9100410C33 /* ReviewViewController.swift in Sources */ = {isa = PBXBuildFile; fileRef = E2FBBAC421AC3F9100410C33 /* ReviewViewController.swift */; };
		E2FE6855219EDA26008C2ADF /* RestaurantDetailIconTextCell.swift in Sources */ = {isa = PBXBuildFile; fileRef = E2FE6854219EDA26008C2ADF /* RestaurantDetailIconTextCell.swift */; };
		E2FE6857219EE6FF008C2ADF /* RestaurantDetailTextCell.swift in Sources */ = {isa = PBXBuildFile; fileRef = E2FE6856219EE6FF008C2ADF /* RestaurantDetailTextCell.swift */; };
		F44705AE211AF99E002E0327 /* AppDelegate.swift in Sources */ = {isa = PBXBuildFile; fileRef = F44705AD211AF99E002E0327 /* AppDelegate.swift */; };
		F44705B3211AF99E002E0327 /* Main.storyboard in Resources */ = {isa = PBXBuildFile; fileRef = F44705B1211AF99E002E0327 /* Main.storyboard */; };
		F44705B5211AF99F002E0327 /* Assets.xcassets in Resources */ = {isa = PBXBuildFile; fileRef = F44705B4211AF99F002E0327 /* Assets.xcassets */; };
		F44705B8211AF99F002E0327 /* LaunchScreen.storyboard in Resources */ = {isa = PBXBuildFile; fileRef = F44705B6211AF99F002E0327 /* LaunchScreen.storyboard */; };
		F44705C0211AFFE1002E0327 /* RestaurantTableViewController.swift in Sources */ = {isa = PBXBuildFile; fileRef = F44705BF211AFFE1002E0327 /* RestaurantTableViewController.swift */; };
		F463DF78211D35A600F73F88 /* RestaurantTableViewCell.swift in Sources */ = {isa = PBXBuildFile; fileRef = F463DF77211D35A600F73F88 /* RestaurantTableViewCell.swift */; };
/* End PBXBuildFile section */

/* Begin PBXFileReference section */
		E203DCE321B135F700717023 /* IndentedTextField.swift */ = {isa = PBXFileReference; lastKnownFileType = sourcecode.swift; path = IndentedTextField.swift; sourceTree = "<group>"; };
		E203DCE721B148E700717023 /* NewRestaurantController.swift */ = {isa = PBXFileReference; lastKnownFileType = sourcecode.swift; path = NewRestaurantController.swift; sourceTree = "<group>"; };
		E223BEF7219D9F2B0021446F /* RestaurantDetailHeaderView.swift */ = {isa = PBXFileReference; lastKnownFileType = sourcecode.swift; path = RestaurantDetailHeaderView.swift; sourceTree = "<group>"; };
		E229DB8521D12D8A00F82039 /* WebViewController.swift */ = {isa = PBXFileReference; lastKnownFileType = sourcecode.swift; path = WebViewController.swift; sourceTree = "<group>"; };
		E24A0745219AE3C100993E60 /* RestaurantDetailViewController.swift */ = {isa = PBXFileReference; lastKnownFileType = sourcecode.swift; path = RestaurantDetailViewController.swift; sourceTree = "<group>"; };
		E2517624219C30E600D89C52 /* Restaurant.swift */ = {isa = PBXFileReference; lastKnownFileType = sourcecode.swift; path = Restaurant.swift; sourceTree = "<group>"; };
		E251762D219D7FD700D89C52 /* Rubik-LightItalic.ttf */ = {isa = PBXFileReference; lastKnownFileType = file; name = "Rubik-LightItalic.ttf"; path = "../../../../../Downloads/Rubik/Rubik-LightItalic.ttf"; sourceTree = "<group>"; };
		E251762E219D7FD700D89C52 /* Rubik-Regular.ttf */ = {isa = PBXFileReference; lastKnownFileType = file; name = "Rubik-Regular.ttf"; path = "../../../../../Downloads/Rubik/Rubik-Regular.ttf"; sourceTree = "<group>"; };
		E251762F219D7FD700D89C52 /* Rubik-Light.ttf */ = {isa = PBXFileReference; lastKnownFileType = file; name = "Rubik-Light.ttf"; path = "../../../../../Downloads/Rubik/Rubik-Light.ttf"; sourceTree = "<group>"; };
		E2517630219D7FD700D89C52 /* Rubik-Bold.ttf */ = {isa = PBXFileReference; lastKnownFileType = file; name = "Rubik-Bold.ttf"; path = "../../../../../Downloads/Rubik/Rubik-Bold.ttf"; sourceTree = "<group>"; };
		E2517631219D7FD700D89C52 /* Rubik-Italic.ttf */ = {isa = PBXFileReference; lastKnownFileType = file; name = "Rubik-Italic.ttf"; path = "../../../../../Downloads/Rubik/Rubik-Italic.ttf"; sourceTree = "<group>"; };
		E2517632219D7FD700D89C52 /* Rubik-BlackItalic.ttf */ = {isa = PBXFileReference; lastKnownFileType = file; name = "Rubik-BlackItalic.ttf"; path = "../../../../../Downloads/Rubik/Rubik-BlackItalic.ttf"; sourceTree = "<group>"; };
		E2517633219D7FD700D89C52 /* Rubik-BoldItalic.ttf */ = {isa = PBXFileReference; lastKnownFileType = file; name = "Rubik-BoldItalic.ttf"; path = "../../../../../Downloads/Rubik/Rubik-BoldItalic.ttf"; sourceTree = "<group>"; };
		E2517634219D7FD700D89C52 /* Rubik-MediumItalic.ttf */ = {isa = PBXFileReference; lastKnownFileType = file; name = "Rubik-MediumItalic.ttf"; path = "../../../../../Downloads/Rubik/Rubik-MediumItalic.ttf"; sourceTree = "<group>"; };
		E2517635219D7FD700D89C52 /* Rubik-Medium.ttf */ = {isa = PBXFileReference; lastKnownFileType = file; name = "Rubik-Medium.ttf"; path = "../../../../../Downloads/Rubik/Rubik-Medium.ttf"; sourceTree = "<group>"; };
		E2517636219D7FD700D89C52 /* Rubik-Black.ttf */ = {isa = PBXFileReference; lastKnownFileType = file; name = "Rubik-Black.ttf"; path = "../../../../../Downloads/Rubik/Rubik-Black.ttf"; sourceTree = "<group>"; };
		E286DF0021C3F6C800CE37F6 /* Onboarding.storyboard */ = {isa = PBXFileReference; lastKnownFileType = file.storyboard; path = Onboarding.storyboard; sourceTree = "<group>"; };
		E28B74B421C6CE9F00E100F9 /* WalkthroughContentViewController.swift */ = {isa = PBXFileReference; lastKnownFileType = sourcecode.swift; path = WalkthroughContentViewController.swift; sourceTree = "<group>"; };
		E28B74B621C79F3300E100F9 /* WalkthroughPageViewController.swift */ = {isa = PBXFileReference; lastKnownFileType = sourcecode.swift; path = WalkthroughPageViewController.swift; sourceTree = "<group>"; };
		E28B74B821C7A98100E100F9 /* WalkthroughViewController.swift */ = {isa = PBXFileReference; lastKnownFileType = sourcecode.swift; path = WalkthroughViewController.swift; sourceTree = "<group>"; };
		E2A367B321B80ADD001FF904 /* FoodPin.xcdatamodel */ = {isa = PBXFileReference; lastKnownFileType = wrapper.xcdatamodel; path = FoodPin.xcdatamodel; sourceTree = "<group>"; };
		E2B2A68521A6C113005222C0 /* RestaurantDetailSeparatorCell.swift */ = {isa = PBXFileReference; lastKnownFileType = sourcecode.swift; path = RestaurantDetailSeparatorCell.swift; sourceTree = "<group>"; };
		E2BBDD8121A6F1CA0082FC9F /* RestaurantDetailMapCell.swift */ = {isa = PBXFileReference; lastKnownFileType = sourcecode.swift; path = RestaurantDetailMapCell.swift; sourceTree = "<group>"; };
		E2BF261A21A44A5900946387 /* UIColorExt.swift */ = {isa = PBXFileReference; lastKnownFileType = sourcecode.swift; path = UIColorExt.swift; sourceTree = "<group>"; };
		E2BF261C21A454EE00946387 /* NavigationControllerExt.swift */ = {isa = PBXFileReference; lastKnownFileType = sourcecode.swift; path = NavigationControllerExt.swift; sourceTree = "<group>"; };
		E2CEB7F921A6B53C006B4947 /* MapKit.framework */ = {isa = PBXFileReference; lastKnownFileType = wrapper.framework; name = MapKit.framework; path = System/Library/Frameworks/MapKit.framework; sourceTree = SDKROOT; };
		E2CF67B021A98903007AF49F /* MapViewController.swift */ = {isa = PBXFileReference; lastKnownFileType = sourcecode.swift; path = MapViewController.swift; sourceTree = "<group>"; };
		E2D78A1C21D1160200EA9668 /* AboutTableViewController.swift */ = {isa = PBXFileReference; lastKnownFileType = sourcecode.swift; path = AboutTableViewController.swift; sourceTree = "<group>"; };
		E2F3322C21D0EB0A007F3F8E /* Base */ = {isa = PBXFileReference; lastKnownFileType = file.storyboard; name = Base; path = FoodPin/Storyboard/Base.lproj/About.storyboard; sourceTree = "<group>"; };
		E2F3322E21D0EBCC007F3F8E /* Discover.storyboard */ = {isa = PBXFileReference; fileEncoding = 4; lastKnownFileType = file.storyboard; path = Discover.storyboard; sourceTree = "<group>"; };
		E2FBBAC421AC3F9100410C33 /* ReviewViewController.swift */ = {isa = PBXFileReference; lastKnownFileType = sourcecode.swift; path = ReviewViewController.swift; sourceTree = "<group>"; };
		E2FE6854219EDA26008C2ADF /* RestaurantDetailIconTextCell.swift */ = {isa = PBXFileReference; lastKnownFileType = sourcecode.swift; path = RestaurantDetailIconTextCell.swift; sourceTree = "<group>"; };
		E2FE6856219EE6FF008C2ADF /* RestaurantDetailTextCell.swift */ = {isa = PBXFileReference; lastKnownFileType = sourcecode.swift; path = RestaurantDetailTextCell.swift; sourceTree = "<group>"; };
		F44705AA211AF99E002E0327 /* FoodPin.app */ = {isa = PBXFileReference; explicitFileType = wrapper.application; includeInIndex = 0; path = FoodPin.app; sourceTree = BUILT_PRODUCTS_DIR; };
		F44705AD211AF99E002E0327 /* AppDelegate.swift */ = {isa = PBXFileReference; lastKnownFileType = sourcecode.swift; path = AppDelegate.swift; sourceTree = "<group>"; };
		F44705B2211AF99E002E0327 /* Base */ = {isa = PBXFileReference; lastKnownFileType = file.storyboard; name = Base; path = Base.lproj/Main.storyboard; sourceTree = "<group>"; };
		F44705B4211AF99F002E0327 /* Assets.xcassets */ = {isa = PBXFileReference; lastKnownFileType = folder.assetcatalog; path = Assets.xcassets; sourceTree = "<group>"; };
		F44705B7211AF99F002E0327 /* Base */ = {isa = PBXFileReference; lastKnownFileType = file.storyboard; name = Base; path = Base.lproj/LaunchScreen.storyboard; sourceTree = "<group>"; };
		F44705B9211AF99F002E0327 /* Info.plist */ = {isa = PBXFileReference; lastKnownFileType = text.plist.xml; path = Info.plist; sourceTree = "<group>"; };
		F44705BF211AFFE1002E0327 /* RestaurantTableViewController.swift */ = {isa = PBXFileReference; lastKnownFileType = sourcecode.swift; path = RestaurantTableViewController.swift; sourceTree = "<group>"; };
		F463DF77211D35A600F73F88 /* RestaurantTableViewCell.swift */ = {isa = PBXFileReference; lastKnownFileType = sourcecode.swift; path = RestaurantTableViewCell.swift; sourceTree = "<group>"; };
/* End PBXFileReference section */

/* Begin PBXFrameworksBuildPhase section */
		F44705A7211AF99E002E0327 /* Frameworks */ = {
			isa = PBXFrameworksBuildPhase;
			buildActionMask = 2147483647;
			files = (
				E2CEB7FA21A6B53C006B4947 /* MapKit.framework in Frameworks */,
			);
			runOnlyForDeploymentPostprocessing = 0;
		};
/* End PBXFrameworksBuildPhase section */

/* Begin PBXGroup section */
		E24171F1219F16C8002663DC /* Extensions */ = {
			isa = PBXGroup;
			children = (
				E2BF261A21A44A5900946387 /* UIColorExt.swift */,
				E2BF261C21A454EE00946387 /* NavigationControllerExt.swift */,
			);
			path = Extensions;
			sourceTree = "<group>";
		};
		E2517627219C44FA00D89C52 /* Controller */ = {
			isa = PBXGroup;
			children = (
				F44705BF211AFFE1002E0327 /* RestaurantTableViewController.swift */,
				E24A0745219AE3C100993E60 /* RestaurantDetailViewController.swift */,
				E203DCE721B148E700717023 /* NewRestaurantController.swift */,
				E2CF67B021A98903007AF49F /* MapViewController.swift */,
				E2FBBAC421AC3F9100410C33 /* ReviewViewController.swift */,
				E28B74B421C6CE9F00E100F9 /* WalkthroughContentViewController.swift */,
				E28B74B621C79F3300E100F9 /* WalkthroughPageViewController.swift */,
				E28B74B821C7A98100E100F9 /* WalkthroughViewController.swift */,
				E2D78A1C21D1160200EA9668 /* AboutTableViewController.swift */,
				E229DB8521D12D8A00F82039 /* WebViewController.swift */,
			);
			path = Controller;
			sourceTree = "<group>";
		};
		E2517628219C459B00D89C52 /* Model */ = {
			isa = PBXGroup;
			children = (
				E2517624219C30E600D89C52 /* Restaurant.swift */,
			);
			path = Model;
			sourceTree = "<group>";
		};
		E2517629219C45B600D89C52 /* View */ = {
			isa = PBXGroup;
			children = (
				F463DF77211D35A600F73F88 /* RestaurantTableViewCell.swift */,
				E223BEF7219D9F2B0021446F /* RestaurantDetailHeaderView.swift */,
				E2FE6854219EDA26008C2ADF /* RestaurantDetailIconTextCell.swift */,
				E2FE6856219EE6FF008C2ADF /* RestaurantDetailTextCell.swift */,
				E2B2A68521A6C113005222C0 /* RestaurantDetailSeparatorCell.swift */,
				E2BBDD8121A6F1CA0082FC9F /* RestaurantDetailMapCell.swift */,
				E203DCE321B135F700717023 /* IndentedTextField.swift */,
			);
			path = View;
			sourceTree = "<group>";
		};
		E251762A219D781300D89C52 /* Storyboard */ = {
			isa = PBXGroup;
			children = (
				E2F3322E21D0EBCC007F3F8E /* Discover.storyboard */,
				E2F3322B21D0EB0A007F3F8E /* About.storyboard */,
				F44705B1211AF99E002E0327 /* Main.storyboard */,
				F44705B6211AF99F002E0327 /* LaunchScreen.storyboard */,
				E286DF0021C3F6C800CE37F6 /* Onboarding.storyboard */,
			);
			path = Storyboard;
			sourceTree = "<group>";
		};
		E251762B219D7F4C00D89C52 /* Resources */ = {
			isa = PBXGroup;
			children = (
				E251762C219D7F6E00D89C52 /* Fonts */,
			);
			path = Resources;
			sourceTree = "<group>";
		};
		E251762C219D7F6E00D89C52 /* Fonts */ = {
			isa = PBXGroup;
			children = (
				E2517636219D7FD700D89C52 /* Rubik-Black.ttf */,
				E2517632219D7FD700D89C52 /* Rubik-BlackItalic.ttf */,
				E2517630219D7FD700D89C52 /* Rubik-Bold.ttf */,
				E2517633219D7FD700D89C52 /* Rubik-BoldItalic.ttf */,
				E251762F219D7FD700D89C52 /* Rubik-Light.ttf */,
				E251762D219D7FD700D89C52 /* Rubik-LightItalic.ttf */,
				E2517635219D7FD700D89C52 /* Rubik-Medium.ttf */,
				E2517631219D7FD700D89C52 /* Rubik-Italic.ttf */,
				E2517634219D7FD700D89C52 /* Rubik-MediumItalic.ttf */,
				E251762E219D7FD700D89C52 /* Rubik-Regular.ttf */,
			);
			path = Fonts;
			sourceTree = "<group>";
		};
		E2CEB7F821A6B53C006B4947 /* Frameworks */ = {
			isa = PBXGroup;
			children = (
				E2CEB7F921A6B53C006B4947 /* MapKit.framework */,
			);
			name = Frameworks;
			sourceTree = "<group>";
		};
		F44705A1211AF99D002E0327 = {
			isa = PBXGroup;
			children = (
				F44705AC211AF99E002E0327 /* FoodPin */,
				F44705AB211AF99E002E0327 /* Products */,
				E2CEB7F821A6B53C006B4947 /* Frameworks */,
			);
			sourceTree = "<group>";
		};
		F44705AB211AF99E002E0327 /* Products */ = {
			isa = PBXGroup;
			children = (
				F44705AA211AF99E002E0327 /* FoodPin.app */,
			);
			name = Products;
			sourceTree = "<group>";
		};
		F44705AC211AF99E002E0327 /* FoodPin */ = {
			isa = PBXGroup;
			children = (
				E24171F1219F16C8002663DC /* Extensions */,
				E251762B219D7F4C00D89C52 /* Resources */,
				E251762A219D781300D89C52 /* Storyboard */,
				E2517628219C459B00D89C52 /* Model */,
				E2517629219C45B600D89C52 /* View */,
				E2517627219C44FA00D89C52 /* Controller */,
				F44705AD211AF99E002E0327 /* AppDelegate.swift */,
				F44705B4211AF99F002E0327 /* Assets.xcassets */,
				F44705B9211AF99F002E0327 /* Info.plist */,
				E2A367B221B80ADD001FF904 /* FoodPin.xcdatamodeld */,
			);
			path = FoodPin;
			sourceTree = "<group>";
		};
/* End PBXGroup section */

/* Begin PBXNativeTarget section */
		F44705A9211AF99E002E0327 /* FoodPin */ = {
			isa = PBXNativeTarget;
			buildConfigurationList = F44705BC211AF99F002E0327 /* Build configuration list for PBXNativeTarget "FoodPin" */;
			buildPhases = (
				F44705A6211AF99E002E0327 /* Sources */,
				F44705A7211AF99E002E0327 /* Frameworks */,
				F44705A8211AF99E002E0327 /* Resources */,
			);
			buildRules = (
			);
			dependencies = (
			);
			name = FoodPin;
			productName = FoodPin;
			productReference = F44705AA211AF99E002E0327 /* FoodPin.app */;
			productType = "com.apple.product-type.application";
		};
/* End PBXNativeTarget section */

/* Begin PBXProject section */
		F44705A2211AF99D002E0327 /* Project object */ = {
			isa = PBXProject;
			attributes = {
				LastSwiftUpdateCheck = 1000;
				LastUpgradeCheck = 1000;
				ORGANIZATIONNAME = AppCoda;
				TargetAttributes = {
					F44705A9211AF99E002E0327 = {
						CreatedOnToolsVersion = 10.0;
						SystemCapabilities = {
							com.apple.Maps.iOS = {
								enabled = 1;
							};
						};
					};
				};
			};
			buildConfigurationList = F44705A5211AF99D002E0327 /* Build configuration list for PBXProject "FoodPin" */;
			compatibilityVersion = "Xcode 9.3";
			developmentRegion = en;
			hasScannedForEncodings = 0;
			knownRegions = (
				en,
				Base,
			);
			mainGroup = F44705A1211AF99D002E0327;
			productRefGroup = F44705AB211AF99E002E0327 /* Products */;
			projectDirPath = "";
			projectRoot = "";
			targets = (
				F44705A9211AF99E002E0327 /* FoodPin */,
			);
		};
/* End PBXProject section */

/* Begin PBXResourcesBuildPhase section */
		F44705A8211AF99E002E0327 /* Resources */ = {
			isa = PBXResourcesBuildPhase;
			buildActionMask = 2147483647;
			files = (
				E2517638219D80B000D89C52 /* Rubik-BlackItalic.ttf in Resources */,
				E251763D219D80B000D89C52 /* Rubik-LightItalic.ttf in Resources */,
				E2517639219D80B000D89C52 /* Rubik-Bold.ttf in Resources */,
				F44705B8211AF99F002E0327 /* LaunchScreen.storyboard in Resources */,
				F44705B5211AF99F002E0327 /* Assets.xcassets in Resources */,
				E251763C219D80B000D89C52 /* Rubik-Light.ttf in Resources */,
				E251763B219D80B000D89C52 /* Rubik-Italic.ttf in Resources */,
				E251763F219D80B000D89C52 /* Rubik-MediumItalic.ttf in Resources */,
				E2517637219D80B000D89C52 /* Rubik-Black.ttf in Resources */,
				E2F3322F21D0EBCC007F3F8E /* Discover.storyboard in Resources */,
				E251763A219D80B000D89C52 /* Rubik-BoldItalic.ttf in Resources */,
				E2517640219D80B000D89C52 /* Rubik-Regular.ttf in Resources */,
				E2F3322D21D0EB0A007F3F8E /* About.storyboard in Resources */,
				E286DF0121C3F6C800CE37F6 /* Onboarding.storyboard in Resources */,
				E251763E219D80B000D89C52 /* Rubik-Medium.ttf in Resources */,
				F44705B3211AF99E002E0327 /* Main.storyboard in Resources */,
			);
			runOnlyForDeploymentPostprocessing = 0;
		};
/* End PBXResourcesBuildPhase section */

/* Begin PBXSourcesBuildPhase section */
		F44705A6211AF99E002E0327 /* Sources */ = {
			isa = PBXSourcesBuildPhase;
			buildActionMask = 2147483647;
			files = (
				E223BEF8219D9F2B0021446F /* RestaurantDetailHeaderView.swift in Sources */,
				E229DB8621D12D8A00F82039 /* WebViewController.swift in Sources */,
				E2517625219C30E600D89C52 /* Restaurant.swift in Sources */,
				E2FBBAC521AC3F9100410C33 /* ReviewViewController.swift in Sources */,
				E2FE6857219EE6FF008C2ADF /* RestaurantDetailTextCell.swift in Sources */,
				E2BF261B21A44A5900946387 /* UIColorExt.swift in Sources */,
				F44705C0211AFFE1002E0327 /* RestaurantTableViewController.swift in Sources */,
				F463DF78211D35A600F73F88 /* RestaurantTableViewCell.swift in Sources */,
				E2A367B421B80ADD001FF904 /* FoodPin.xcdatamodeld in Sources */,
				E2CF67B121A98903007AF49F /* MapViewController.swift in Sources */,
				E28B74B921C7A98100E100F9 /* WalkthroughViewController.swift in Sources */,
				E2FE6855219EDA26008C2ADF /* RestaurantDetailIconTextCell.swift in Sources */,
				E2BBDD8221A6F1CA0082FC9F /* RestaurantDetailMapCell.swift in Sources */,
				E24A0746219AE3C100993E60 /* RestaurantDetailViewController.swift in Sources */,
				E203DCE421B135F700717023 /* IndentedTextField.swift in Sources */,
				F44705AE211AF99E002E0327 /* AppDelegate.swift in Sources */,
				E2B2A68621A6C113005222C0 /* RestaurantDetailSeparatorCell.swift in Sources */,
				E28B74B521C6CE9F00E100F9 /* WalkthroughContentViewController.swift in Sources */,
				E2D78A1D21D1160200EA9668 /* AboutTableViewController.swift in Sources */,
				E2BF261D21A454EE00946387 /* NavigationControllerExt.swift in Sources */,
				E203DCE821B148E700717023 /* NewRestaurantController.swift in Sources */,
				E28B74B721C79F3300E100F9 /* WalkthroughPageViewController.swift in Sources */,
			);
			runOnlyForDeploymentPostprocessing = 0;
		};
/* End PBXSourcesBuildPhase section */

/* Begin PBXVariantGroup section */
		E2F3322B21D0EB0A007F3F8E /* About.storyboard */ = {
			isa = PBXVariantGroup;
			children = (
				E2F3322C21D0EB0A007F3F8E /* Base */,
			);
			name = About.storyboard;
			sourceTree = "<group>";
		};
		F44705B1211AF99E002E0327 /* Main.storyboard */ = {
			isa = PBXVariantGroup;
			children = (
				F44705B2211AF99E002E0327 /* Base */,
			);
			name = Main.storyboard;
			sourceTree = "<group>";
		};
		F44705B6211AF99F002E0327 /* LaunchScreen.storyboard */ = {
			isa = PBXVariantGroup;
			children = (
				F44705B7211AF99F002E0327 /* Base */,
			);
			name = LaunchScreen.storyboard;
			sourceTree = "<group>";
		};
/* End PBXVariantGroup section */

/* Begin XCBuildConfiguration section */
		F44705BA211AF99F002E0327 /* Debug */ = {
			isa = XCBuildConfiguration;
			buildSettings = {
				ALWAYS_SEARCH_USER_PATHS = NO;
				CLANG_ANALYZER_NONNULL = YES;
				CLANG_ANALYZER_NUMBER_OBJECT_CONVERSION = YES_AGGRESSIVE;
				CLANG_CXX_LANGUAGE_STANDARD = "gnu++14";
				CLANG_CXX_LIBRARY = "libc++";
				CLANG_ENABLE_MODULES = YES;
				CLANG_ENABLE_OBJC_ARC = YES;
				CLANG_ENABLE_OBJC_WEAK = YES;
				CLANG_WARN_BLOCK_CAPTURE_AUTORELEASING = YES;
				CLANG_WARN_BOOL_CONVERSION = YES;
				CLANG_WARN_COMMA = YES;
				CLANG_WARN_CONSTANT_CONVERSION = YES;
				CLANG_WARN_DEPRECATED_OBJC_IMPLEMENTATIONS = YES;
				CLANG_WARN_DIRECT_OBJC_ISA_USAGE = YES_ERROR;
				CLANG_WARN_DOCUMENTATION_COMMENTS = YES;
				CLANG_WARN_EMPTY_BODY = YES;
				CLANG_WARN_ENUM_CONVERSION = YES;
				CLANG_WARN_INFINITE_RECURSION = YES;
				CLANG_WARN_INT_CONVERSION = YES;
				CLANG_WARN_NON_LITERAL_NULL_CONVERSION = YES;
				CLANG_WARN_OBJC_IMPLICIT_RETAIN_SELF = YES;
				CLANG_WARN_OBJC_LITERAL_CONVERSION = YES;
				CLANG_WARN_OBJC_ROOT_CLASS = YES_ERROR;
				CLANG_WARN_RANGE_LOOP_ANALYSIS = YES;
				CLANG_WARN_STRICT_PROTOTYPES = YES;
				CLANG_WARN_SUSPICIOUS_MOVE = YES;
				CLANG_WARN_UNGUARDED_AVAILABILITY = YES_AGGRESSIVE;
				CLANG_WARN_UNREACHABLE_CODE = YES;
				CLANG_WARN__DUPLICATE_METHOD_MATCH = YES;
				CODE_SIGN_IDENTITY = "iPhone Developer";
				COPY_PHASE_STRIP = NO;
				DEBUG_INFORMATION_FORMAT = dwarf;
				ENABLE_STRICT_OBJC_MSGSEND = YES;
				ENABLE_TESTABILITY = YES;
				GCC_C_LANGUAGE_STANDARD = gnu11;
				GCC_DYNAMIC_NO_PIC = NO;
				GCC_NO_COMMON_BLOCKS = YES;
				GCC_OPTIMIZATION_LEVEL = 0;
				GCC_PREPROCESSOR_DEFINITIONS = (
					"DEBUG=1",
					"$(inherited)",
				);
				GCC_WARN_64_TO_32_BIT_CONVERSION = YES;
				GCC_WARN_ABOUT_RETURN_TYPE = YES_ERROR;
				GCC_WARN_UNDECLARED_SELECTOR = YES;
				GCC_WARN_UNINITIALIZED_AUTOS = YES_AGGRESSIVE;
				GCC_WARN_UNUSED_FUNCTION = YES;
				GCC_WARN_UNUSED_VARIABLE = YES;
				IPHONEOS_DEPLOYMENT_TARGET = 12.0;
				MTL_ENABLE_DEBUG_INFO = INCLUDE_SOURCE;
				MTL_FAST_MATH = YES;
				ONLY_ACTIVE_ARCH = YES;
				SDKROOT = iphoneos;
				SWIFT_ACTIVE_COMPILATION_CONDITIONS = DEBUG;
				SWIFT_OPTIMIZATION_LEVEL = "-Onone";
			};
			name = Debug;
		};
		F44705BB211AF99F002E0327 /* Release */ = {
			isa = XCBuildConfiguration;
			buildSettings = {
				ALWAYS_SEARCH_USER_PATHS = NO;
				CLANG_ANALYZER_NONNULL = YES;
				CLANG_ANALYZER_NUMBER_OBJECT_CONVERSION = YES_AGGRESSIVE;
				CLANG_CXX_LANGUAGE_STANDARD = "gnu++14";
				CLANG_CXX_LIBRARY = "libc++";
				CLANG_ENABLE_MODULES = YES;
				CLANG_ENABLE_OBJC_ARC = YES;
				CLANG_ENABLE_OBJC_WEAK = YES;
				CLANG_WARN_BLOCK_CAPTURE_AUTORELEASING = YES;
				CLANG_WARN_BOOL_CONVERSION = YES;
				CLANG_WARN_COMMA = YES;
				CLANG_WARN_CONSTANT_CONVERSION = YES;
				CLANG_WARN_DEPRECATED_OBJC_IMPLEMENTATIONS = YES;
				CLANG_WARN_DIRECT_OBJC_ISA_USAGE = YES_ERROR;
				CLANG_WARN_DOCUMENTATION_COMMENTS = YES;
				CLANG_WARN_EMPTY_BODY = YES;
				CLANG_WARN_ENUM_CONVERSION = YES;
				CLANG_WARN_INFINITE_RECURSION = YES;
				CLANG_WARN_INT_CONVERSION = YES;
				CLANG_WARN_NON_LITERAL_NULL_CONVERSION = YES;
				CLANG_WARN_OBJC_IMPLICIT_RETAIN_SELF = YES;
				CLANG_WARN_OBJC_LITERAL_CONVERSION = YES;
				CLANG_WARN_OBJC_ROOT_CLASS = YES_ERROR;
				CLANG_WARN_RANGE_LOOP_ANALYSIS = YES;
				CLANG_WARN_STRICT_PROTOTYPES = YES;
				CLANG_WARN_SUSPICIOUS_MOVE = YES;
				CLANG_WARN_UNGUARDED_AVAILABILITY = YES_AGGRESSIVE;
				CLANG_WARN_UNREACHABLE_CODE = YES;
				CLANG_WARN__DUPLICATE_METHOD_MATCH = YES;
				CODE_SIGN_IDENTITY = "iPhone Developer";
				COPY_PHASE_STRIP = NO;
				DEBUG_INFORMATION_FORMAT = "dwarf-with-dsym";
				ENABLE_NS_ASSERTIONS = NO;
				ENABLE_STRICT_OBJC_MSGSEND = YES;
				GCC_C_LANGUAGE_STANDARD = gnu11;
				GCC_NO_COMMON_BLOCKS = YES;
				GCC_WARN_64_TO_32_BIT_CONVERSION = YES;
				GCC_WARN_ABOUT_RETURN_TYPE = YES_ERROR;
				GCC_WARN_UNDECLARED_SELECTOR = YES;
				GCC_WARN_UNINITIALIZED_AUTOS = YES_AGGRESSIVE;
				GCC_WARN_UNUSED_FUNCTION = YES;
				GCC_WARN_UNUSED_VARIABLE = YES;
				IPHONEOS_DEPLOYMENT_TARGET = 12.0;
				MTL_ENABLE_DEBUG_INFO = NO;
				MTL_FAST_MATH = YES;
				SDKROOT = iphoneos;
				SWIFT_COMPILATION_MODE = wholemodule;
				SWIFT_OPTIMIZATION_LEVEL = "-O";
				VALIDATE_PRODUCT = YES;
			};
			name = Release;
		};
		F44705BD211AF99F002E0327 /* Debug */ = {
			isa = XCBuildConfiguration;
			buildSettings = {
				ASSETCATALOG_COMPILER_APPICON_NAME = AppIcon;
				CODE_SIGN_IDENTITY = "iPhone Developer";
				CODE_SIGN_STYLE = Automatic;
				DEVELOPMENT_TEAM = KLD8R3PDMR;
				INFOPLIST_FILE = FoodPin/Info.plist;
				LD_RUNPATH_SEARCH_PATHS = (
					"$(inherited)",
					"@executable_path/Frameworks",
				);
				PRODUCT_BUNDLE_IDENTIFIER = com.xamlab.FoodPin;
				PRODUCT_NAME = "$(TARGET_NAME)";
				PROVISIONING_PROFILE_SPECIFIER = "";
				SWIFT_VERSION = 4.2;
				TARGETED_DEVICE_FAMILY = "1,2";
			};
			name = Debug;
		};
		F44705BE211AF99F002E0327 /* Release */ = {
			isa = XCBuildConfiguration;
			buildSettings = {
				ASSETCATALOG_COMPILER_APPICON_NAME = AppIcon;
				CODE_SIGN_IDENTITY = "iPhone Developer";
				CODE_SIGN_STYLE = Automatic;
				DEVELOPMENT_TEAM = KLD8R3PDMR;
				INFOPLIST_FILE = FoodPin/Info.plist;
				LD_RUNPATH_SEARCH_PATHS = (
					"$(inherited)",
					"@executable_path/Frameworks",
				);
				PRODUCT_BUNDLE_IDENTIFIER = com.xamlab.FoodPin;
				PRODUCT_NAME = "$(TARGET_NAME)";
				PROVISIONING_PROFILE_SPECIFIER = "";
				SWIFT_VERSION = 4.2;
				TARGETED_DEVICE_FAMILY = "1,2";
			};
			name = Release;
		};
/* End XCBuildConfiguration section */

/* Begin XCConfigurationList section */
		F44705A5211AF99D002E0327 /* Build configuration list for PBXProject "FoodPin" */ = {
			isa = XCConfigurationList;
			buildConfigurations = (
				F44705BA211AF99F002E0327 /* Debug */,
				F44705BB211AF99F002E0327 /* Release */,
			);
			defaultConfigurationIsVisible = 0;
			defaultConfigurationName = Release;
		};
		F44705BC211AF99F002E0327 /* Build configuration list for PBXNativeTarget "FoodPin" */ = {
			isa = XCConfigurationList;
			buildConfigurations = (
				F44705BD211AF99F002E0327 /* Debug */,
				F44705BE211AF99F002E0327 /* Release */,
			);
			defaultConfigurationIsVisible = 0;
			defaultConfigurationName = Release;
		};
/* End XCConfigurationList section */

/* Begin XCVersionGroup section */
		E2A367B221B80ADD001FF904 /* FoodPin.xcdatamodeld */ = {
			isa = XCVersionGroup;
			children = (
				E2A367B321B80ADD001FF904 /* FoodPin.xcdatamodel */,
			);
			currentVersion = E2A367B321B80ADD001FF904 /* FoodPin.xcdatamodel */;
			path = FoodPin.xcdatamodeld;
			sourceTree = "<group>";
			versionGroupType = wrapper.xcdatamodel;
		};
/* End XCVersionGroup section */
	};
	rootObject = F44705A2211AF99D002E0327 /* Project object */;
}
